<?xml version="1.0" encoding="utf-8"?>
<Project ToolsVersion="4.0" xmlns="http://schemas.microsoft.com/developer/msbuild/2003">
  <ItemGroup>
    <Text Include="resources\0\9000\9086.txt" />
    <Text Include="resources\1\1000\11718.txt" />
    <Text Include="resources\0\2000\2444.txt" />
    <Text Include="resources\2\5000\25083.txt" />
    <Text Include="resources\0\3000\3003.txt" />
    <Text Include="resources\1\0000\10988.txt" />
    <Text Include="resources\2\5000\25206.txt" />
    <Text Include="resources\0\2000\2738.txt" />
    <Text Include="resources\0\2000\2566.txt" />
    <Text Include="resources\0\2000\2745.txt" />
    <Text Include="resources\1\1000\11005.txt" />
    <Text Include="resources\0\2000\2720.txt" />
    <Text Include="resources\0\2000\2903.txt" />
    <Text Include="resources\0\2000\2501.txt" />
    <Text Include="resources\0\9000\9506.txt" />
  </ItemGroup>
  <ItemGroup>
    <None Include="resources\1\0000\10798.txt" />
  </ItemGroup>
  <ItemGroup>
    <ClCompile Include="sources\0\2000\9506.cpp" />
  </ItemGroup>
</Project>