<?xml version="1.0" encoding="utf-8"?>
<Project ToolsVersion="4.0" xmlns="http://schemas.microsoft.com/developer/msbuild/2003">
  <ItemGroup>
    <Text Include="resources\0\9000\9086.txt" />
    <Text Include="resources\1\1000\11718.txt" />
    <Text Include="resources\2\5000\25083.txt" />
    <Text Include="resources\0\3000\3003.txt" />
    <Text Include="resources\1\0000\10988.txt" />
    <Text Include="resources\2\5000\25206.txt" />
    <Text Include="resources\1\1000\11005.txt" />
    <Text Include="resources\0\9000\9506.txt" />
    <Text Include="resources\2\7000\27323.txt" />
    <Text Include="resources\1\5000\15894.txt" />
    <Text Include="resources\0\9000\9063.txt" />
    <Text Include="resources\1\0000\10101.txt" />
    <Text Include="resources\0\5000\5073.txt" />
    <Text Include="resources\1\4000\14215.txt" />
    <Text Include="resources\2\4000\24262.txt" />
    <Text Include="resources\2\4000\24263.txt" />
    <Text Include="resources\2\4000\24264.txt" />
    <Text Include="resources\2\4000\24265.txt" />
    <Text Include="resources\2\4000\24266.txt" />
    <Text Include="resources\2\4000\24267.txt" />
    <Text Include="resources\2\4000\24313.txt" />
    <Text Include="resources\1\9000\19532.txt" />
    <Text Include="resources\2\5000\25305.txt" />
    <Text Include="resources\1\8000\18870.txt" />
    <Text Include="resources\1\0000\10815.txt" />
    <Text Include="resources\1\4000\14425.txt" />
    <Text Include="resources\0\7000\7785.txt" />
    <Text Include="resources\1\0000\10816.txt" />
    <Text Include="resources\0\1000\1269.txt" />
    <Text Include="resources\1\1000\11478.txt" />
    <Text Include="resources\1\3000\13241.txt" />
    <Text Include="resources\0\1000\1735.txt" />
    <Text Include="resources\0\4000\4134.txt" />
    <Text Include="resources\1\3000\13909.txt" />
    <Text Include="resources\1\7000\17103.txt" />
    <Text Include="resources\2\4000\24723.txt" />
    <Text Include="resources\2\5000\25192.txt" />
    <Text Include="resources\2\6000\26069.txt" />
    <Text Include="resources\2\0000\20920.txt" />
    <Text Include="resources\0\2000\2108.txt" />
    <Text Include="resources\1\8000\18258.txt" />
    <Text Include="resources\0\2000\2164.txt" />
    <Text Include="resources\1\1000\11866.txt" />
    <Text Include="resources\0\1000\1966.txt" />
    <Text Include="resources\1\0000\10866.txt" />
    <Text Include="resources\0\1000\1021.txt" />
    <Text Include="resources\0\5000\5430.txt" />
    <Text Include="resources\2\4000\24060.txt" />
    <Text Include="resources\2\5000\25501.txt" />
    <Text Include="resources\2\7000\27433.txt" />
    <Text Include="resources\0\4000\4779.txt" />
    <Text Include="resources\0\2000\2580.txt" />
    <Text Include="resources\2\4000\24416.txt" />
    <Text Include="resources\0\1000\1015.txt" />
    <Text Include="resources\0\1000\1009.txt" />
    <Text Include="resources\0\1000\1012.txt" />
    <Text Include="resources\1\1000\11659.txt" />
  </ItemGroup>
  <ItemGroup>
    <None Include="resources\1\0000\10798.txt" />
  </ItemGroup>
  <ItemGroup>
    <ClCompile Include="sources\1\1000\11659.cpp" />
  </ItemGroup>
</Project>