<?xml version="1.0" encoding="utf-8"?>
<Project ToolsVersion="4.0" xmlns="http://schemas.microsoft.com/developer/msbuild/2003">
  <ItemGroup>
    <Filter Include="소스 파일">
      <UniqueIdentifier>{4FC737F1-C7A5-4376-A066-2A32D752A2FF}</UniqueIdentifier>
      <Extensions>cpp;c;cc;cxx;c++;def;odl;idl;hpj;bat;asm;asmx</Extensions>
    </Filter>
    <Filter Include="헤더 파일">
      <UniqueIdentifier>{93995380-89BD-4b04-88EB-625FBE52EBFB}</UniqueIdentifier>
      <Extensions>h;hh;hpp;hxx;h++;hm;inl;inc;ipp;xsd</Extensions>
    </Filter>
    <Filter Include="리소스 파일">
      <UniqueIdentifier>{67DA6AB6-F800-4c08-8B7A-83BB121AAD01}</UniqueIdentifier>
      <Extensions>rc;ico;cur;bmp;dlg;rc2;rct;bin;rgs;gif;jpg;jpeg;jpe;resx;tiff;tif;png;wav;mfcribbon-ms</Extensions>
    </Filter>
  </ItemGroup>
  <ItemGroup>
    <ClCompile Include="1000.cpp">
      <Filter>소스 파일</Filter>
    </ClCompile>
    <ClCompile Include="2573.cpp">
      <Filter>소스 파일</Filter>
    </ClCompile>
    <ClCompile Include="2667.cpp">
      <Filter>소스 파일</Filter>
    </ClCompile>
    <ClCompile Include="1002.cpp">
      <Filter>소스 파일</Filter>
    </ClCompile>
    <ClCompile Include="1003.cpp">
      <Filter>소스 파일</Filter>
    </ClCompile>
    <ClCompile Include="11444.cpp">
      <Filter>소스 파일</Filter>
    </ClCompile>
    <ClCompile Include="14888.cpp">
      <Filter>소스 파일</Filter>
    </ClCompile>
    <ClCompile Include="14889.cpp">
      <Filter>소스 파일</Filter>
    </ClCompile>
    <ClCompile Include="14501.cpp">
      <Filter>소스 파일</Filter>
    </ClCompile>
    <ClCompile Include="15683.cpp">
      <Filter>소스 파일</Filter>
    </ClCompile>
    <ClCompile Include="17069.cpp">
      <Filter>소스 파일</Filter>
    </ClCompile>
    <ClCompile Include="17070.cpp">
      <Filter>소스 파일</Filter>
    </ClCompile>
    <ClCompile Include="1005.cpp">
      <Filter>소스 파일</Filter>
    </ClCompile>
    <ClCompile Include="2502.cpp">
      <Filter>소스 파일</Filter>
    </ClCompile>
    <ClCompile Include="2557.cpp">
      <Filter>소스 파일</Filter>
    </ClCompile>
    <ClCompile Include="10718.cpp">
      <Filter>소스 파일</Filter>
    </ClCompile>
    <ClCompile Include="10171.cpp">
      <Filter>소스 파일</Filter>
    </ClCompile>
    <ClCompile Include="10172.cpp">
      <Filter>소스 파일</Filter>
    </ClCompile>
    <ClCompile Include="1001.cpp">
      <Filter>소스 파일</Filter>
    </ClCompile>
    <ClCompile Include="10998.cpp">
      <Filter>소스 파일</Filter>
    </ClCompile>
    <ClCompile Include="1008.cpp">
      <Filter>소스 파일</Filter>
    </ClCompile>
    <ClCompile Include="10869.cpp">
      <Filter>소스 파일</Filter>
    </ClCompile>
    <ClCompile Include="10430.cpp">
      <Filter>소스 파일</Filter>
    </ClCompile>
    <ClCompile Include="2588.cpp">
      <Filter>소스 파일</Filter>
    </ClCompile>
    <ClCompile Include="1330.cpp">
      <Filter>소스 파일</Filter>
    </ClCompile>
    <ClCompile Include="9498.cpp">
      <Filter>소스 파일</Filter>
    </ClCompile>
    <ClCompile Include="2753.cpp">
      <Filter>소스 파일</Filter>
    </ClCompile>
    <ClCompile Include="14681.cpp">
      <Filter>소스 파일</Filter>
    </ClCompile>
    <ClCompile Include="2884.cpp">
      <Filter>소스 파일</Filter>
    </ClCompile>
    <ClCompile Include="2739.cpp">
      <Filter>소스 파일</Filter>
    </ClCompile>
    <ClCompile Include="10950.cpp">
      <Filter>소스 파일</Filter>
    </ClCompile>
    <ClCompile Include="8393.cpp">
      <Filter>소스 파일</Filter>
    </ClCompile>
    <ClCompile Include="15552.cpp">
      <Filter>소스 파일</Filter>
    </ClCompile>
    <ClCompile Include="2741.cpp">
      <Filter>소스 파일</Filter>
    </ClCompile>
    <ClCompile Include="2742.cpp">
      <Filter>소스 파일</Filter>
    </ClCompile>
    <ClCompile Include="11021.cpp">
      <Filter>소스 파일</Filter>
    </ClCompile>
    <ClCompile Include="11022.cpp">
      <Filter>소스 파일</Filter>
    </ClCompile>
    <ClCompile Include="2438.cpp">
      <Filter>소스 파일</Filter>
    </ClCompile>
    <ClCompile Include="2439.cpp">
      <Filter>소스 파일</Filter>
    </ClCompile>
    <ClCompile Include="10871.cpp">
      <Filter>소스 파일</Filter>
    </ClCompile>
    <ClCompile Include="10952.cpp">
      <Filter>소스 파일</Filter>
    </ClCompile>
    <ClCompile Include="10951.cpp">
      <Filter>소스 파일</Filter>
    </ClCompile>
    <ClCompile Include="1110.cpp">
      <Filter>소스 파일</Filter>
    </ClCompile>
    <ClCompile Include="10818.cpp">
      <Filter>소스 파일</Filter>
    </ClCompile>
    <ClCompile Include="2562.cpp">
      <Filter>소스 파일</Filter>
    </ClCompile>
    <ClCompile Include="2577.cpp">
      <Filter>소스 파일</Filter>
    </ClCompile>
    <ClCompile Include="3052.cpp">
      <Filter>소스 파일</Filter>
    </ClCompile>
    <ClCompile Include="1546.cpp">
      <Filter>소스 파일</Filter>
    </ClCompile>
    <ClCompile Include="8958.cpp">
      <Filter>소스 파일</Filter>
    </ClCompile>
    <ClCompile Include="4344.cpp">
      <Filter>소스 파일</Filter>
    </ClCompile>
    <ClCompile Include="2309.cpp">
      <Filter>소스 파일</Filter>
    </ClCompile>
    <ClCompile Include="2605.cpp">
      <Filter>소스 파일</Filter>
    </ClCompile>
    <ClCompile Include="2578.cpp">
      <Filter>소스 파일</Filter>
    </ClCompile>
    <ClCompile Include="2563.cpp">
      <Filter>소스 파일</Filter>
    </ClCompile>
    <ClCompile Include="2564.cpp">
      <Filter>소스 파일</Filter>
    </ClCompile>
    <ClCompile Include="2491.cpp">
      <Filter>소스 파일</Filter>
    </ClCompile>
    <ClCompile Include="2477.cpp">
      <Filter>소스 파일</Filter>
    </ClCompile>
    <ClCompile Include="2527.cpp">
      <Filter>소스 파일</Filter>
    </ClCompile>
    <ClCompile Include="10157.cpp">
      <Filter>소스 파일</Filter>
    </ClCompile>
    <ClCompile Include="10158.cpp">
      <Filter>소스 파일</Filter>
    </ClCompile>
    <ClCompile Include="2669.cpp">
      <Filter>소스 파일</Filter>
    </ClCompile>
    <ClCompile Include="2635.cpp">
      <Filter>소스 파일</Filter>
    </ClCompile>
    <ClCompile Include="1244.cpp">
      <Filter>소스 파일</Filter>
    </ClCompile>
    <ClCompile Include="2628.cpp">
      <Filter>소스 파일</Filter>
    </ClCompile>
    <ClCompile Include="2116.cpp">
      <Filter>소스 파일</Filter>
    </ClCompile>
    <ClCompile Include="test.cpp">
      <Filter>소스 파일</Filter>
    </ClCompile>
    <ClCompile Include="2304.cpp">
      <Filter>소스 파일</Filter>
    </ClCompile>
    <ClCompile Include="2559.cpp">
      <Filter>소스 파일</Filter>
    </ClCompile>
    <ClCompile Include="10163.cpp">
      <Filter>소스 파일</Filter>
    </ClCompile>
    <ClCompile Include="imtest.cpp">
      <Filter>소스 파일</Filter>
    </ClCompile>
    <ClCompile Include="13300.cpp">
      <Filter>소스 파일</Filter>
    </ClCompile>
    <ClCompile Include="14696.cpp">
      <Filter>소스 파일</Filter>
    </ClCompile>
    <ClCompile Include="1504.cpp">
      <Filter>소스 파일</Filter>
    </ClCompile>
    <ClCompile Include="15996.cpp">
      <Filter>소스 파일</Filter>
    </ClCompile>
    <ClCompile Include="4673.cpp">
      <Filter>소스 파일</Filter>
    </ClCompile>
    <ClCompile Include="1065.cpp">
      <Filter>소스 파일</Filter>
    </ClCompile>
    <ClCompile Include="11048.cpp">
      <Filter>소스 파일</Filter>
    </ClCompile>
    <ClCompile Include="1937.cpp">
      <Filter>소스 파일</Filter>
    </ClCompile>
  </ItemGroup>
  <ItemGroup>
    <Text Include="2573.txt">
      <Filter>소스 파일</Filter>
    </Text>
    <Text Include="2667.txt">
      <Filter>소스 파일</Filter>
    </Text>
    <Text Include="1002.txt">
      <Filter>소스 파일</Filter>
    </Text>
    <Text Include="1003.txt">
      <Filter>소스 파일</Filter>
    </Text>
    <Text Include="11444.txt">
      <Filter>소스 파일</Filter>
    </Text>
    <Text Include="14888.txt">
      <Filter>소스 파일</Filter>
    </Text>
    <Text Include="14889.txt">
      <Filter>소스 파일</Filter>
    </Text>
    <Text Include="14501.txt">
      <Filter>소스 파일</Filter>
    </Text>
    <Text Include="15683.txt">
      <Filter>소스 파일</Filter>
    </Text>
    <Text Include="17069.txt">
      <Filter>소스 파일</Filter>
    </Text>
    <Text Include="17070.txt">
      <Filter>소스 파일</Filter>
    </Text>
    <Text Include="1005.txt">
      <Filter>소스 파일</Filter>
    </Text>
    <Text Include="1001.txt">
      <Filter>소스 파일</Filter>
    </Text>
    <Text Include="10998.txt">
      <Filter>소스 파일</Filter>
    </Text>
    <Text Include="1008.txt">
      <Filter>소스 파일</Filter>
    </Text>
    <Text Include="10869.txt">
      <Filter>소스 파일</Filter>
    </Text>
    <Text Include="10430.txt">
      <Filter>소스 파일</Filter>
    </Text>
    <Text Include="2588.txt">
      <Filter>소스 파일</Filter>
    </Text>
    <Text Include="1330.txt">
      <Filter>소스 파일</Filter>
    </Text>
    <Text Include="9498.txt">
      <Filter>소스 파일</Filter>
    </Text>
    <Text Include="2753.txt">
      <Filter>소스 파일</Filter>
    </Text>
    <Text Include="2884.txt">
      <Filter>소스 파일</Filter>
    </Text>
    <Text Include="2739.txt">
      <Filter>소스 파일</Filter>
    </Text>
    <Text Include="10950.txt">
      <Filter>소스 파일</Filter>
    </Text>
    <Text Include="15552.txt">
      <Filter>소스 파일</Filter>
    </Text>
    <Text Include="11021.txt">
      <Filter>소스 파일</Filter>
    </Text>
    <Text Include="11022.txt">
      <Filter>소스 파일</Filter>
    </Text>
    <Text Include="2439.txt">
      <Filter>소스 파일</Filter>
    </Text>
    <Text Include="10871.txt">
      <Filter>소스 파일</Filter>
    </Text>
    <Text Include="10952.txt">
      <Filter>소스 파일</Filter>
    </Text>
    <Text Include="10951_output.txt">
      <Filter>소스 파일</Filter>
    </Text>
    <Text Include="10951_input.txt">
      <Filter>소스 파일</Filter>
    </Text>
    <Text Include="1110.txt">
      <Filter>소스 파일</Filter>
    </Text>
    <Text Include="10818.txt">
      <Filter>소스 파일</Filter>
    </Text>
    <Text Include="2562.txt">
      <Filter>소스 파일</Filter>
    </Text>
    <Text Include="2577.txt">
      <Filter>소스 파일</Filter>
    </Text>
    <Text Include="3052.txt">
      <Filter>소스 파일</Filter>
    </Text>
    <Text Include="1546.txt">
      <Filter>소스 파일</Filter>
    </Text>
    <Text Include="8958.txt">
      <Filter>소스 파일</Filter>
    </Text>
    <Text Include="4344.txt">
      <Filter>소스 파일</Filter>
    </Text>
    <Text Include="2309.txt">
      <Filter>소스 파일</Filter>
    </Text>
    <Text Include="2605.txt">
      <Filter>소스 파일</Filter>
    </Text>
    <Text Include="2578.txt">
      <Filter>소스 파일</Filter>
    </Text>
    <Text Include="2563.txt">
      <Filter>소스 파일</Filter>
    </Text>
    <Text Include="2564.txt">
      <Filter>소스 파일</Filter>
    </Text>
    <Text Include="2491.txt">
      <Filter>소스 파일</Filter>
    </Text>
    <Text Include="2477.txt">
      <Filter>소스 파일</Filter>
    </Text>
    <Text Include="2527.txt">
      <Filter>소스 파일</Filter>
    </Text>
    <Text Include="10157.txt">
      <Filter>소스 파일</Filter>
    </Text>
    <Text Include="10158.txt">
      <Filter>소스 파일</Filter>
    </Text>
    <Text Include="2669.txt">
      <Filter>소스 파일</Filter>
    </Text>
    <Text Include="2635.txt">
      <Filter>소스 파일</Filter>
    </Text>
    <Text Include="1244.txt">
      <Filter>소스 파일</Filter>
    </Text>
    <Text Include="2628.txt">
      <Filter>소스 파일</Filter>
    </Text>
    <Text Include="2116.txt">
      <Filter>소스 파일</Filter>
    </Text>
    <Text Include="test.txt">
      <Filter>소스 파일</Filter>
    </Text>
    <Text Include="2304.txt">
      <Filter>소스 파일</Filter>
    </Text>
    <Text Include="2559.txt">
      <Filter>소스 파일</Filter>
    </Text>
    <Text Include="10163.txt">
      <Filter>소스 파일</Filter>
    </Text>
    <Text Include="imtest.txt">
      <Filter>소스 파일</Filter>
    </Text>
    <Text Include="13300.txt">
      <Filter>소스 파일</Filter>
    </Text>
    <Text Include="14696.txt">
      <Filter>소스 파일</Filter>
    </Text>
    <Text Include="1504.txt">
      <Filter>소스 파일</Filter>
    </Text>
    <Text Include="1065.txt">
      <Filter>소스 파일</Filter>
    </Text>
    <Text Include="11048.txt">
      <Filter>소스 파일</Filter>
    </Text>
    <Text Include="1937.txt">
      <Filter>소스 파일</Filter>
    </Text>
  </ItemGroup>
</Project>